
Microsoft Visual Studio Solution File, Format Version 12.00
# Visual Studio Version 17
VisualStudioVersion = 17.9.34728.123
MinimumVisualStudioVersion = 10.0.40219.1
Project("{FAE04EC0-301F-11D3-BF4B-00C04F79EFBC}") = "OpenAI_UIR", "OpenAI_UIR\OpenAI_UIR.csproj", "{1A1B08C8-8B8B-4478-B5A9-DD1326C26502}"
EndProject
Global
	GlobalSection(SolutionConfigurationPlatforms) = preSolution
		Debug|Any CPU = Debug|Any CPU
		Release|Any CPU = Release|Any CPU
	EndGlobalSection
	GlobalSection(ProjectConfigurationPlatforms) = postSolution
		{1A1B08C8-8B8B-4478-B5A9-DD1326C26502}.Debug|Any CPU.ActiveCfg = Debug|Any CPU
		{1A1B08C8-8B8B-4478-B5A9-DD1326C26502}.Debug|Any CPU.Build.0 = Debug|Any CPU
		{1A1B08C8-8B8B-4478-B5A9-DD1326C26502}.Release|Any CPU.ActiveCfg = Release|Any CPU
		{1A1B08C8-8B8B-4478-B5A9-DD1326C26502}.Release|Any CPU.Build.0 = Release|Any CPU
	EndGlobalSection
	GlobalSection(SolutionProperties) = preSolution
		HideSolutionNode = FALSE
	EndGlobalSection
	GlobalSection(ExtensibilityGlobals) = postSolution
		SolutionGuid = {17A8CAE2-2A7E-4E16-A7CF-563A5C9F1C53}
	EndGlobalSection
EndGlobal
